{
  "name": "0i_api",
  "version": "1.0.0",
  "lockfileVersion": 2,
  "requires": true,
  "packages": {
    "": {
      "name": "0i_api",
      "version": "1.0.0",
      "license": "ISC",
      "dependencies": {
        "expresss": "^0.0.0",
        "shortid": "^2.2.16"
      }
    },
    "node_modules/expresss": {
      "version": "0.0.0",
      "resolved": "https://registry.npmjs.org/expresss/-/expresss-0.0.0.tgz",
      "integrity": "sha512-dnfKMF9CM+MRGXD58Ul3T+neY+5C9i4CaT5sEEOvIWxdueyk7TiFIzauAOFnxmMZAdio5uak7M3FDcr+B9A8xg=="
    },
    "node_modules/nanoid": {
      "version": "2.1.11",
      "resolved": "https://registry.npmjs.org/nanoid/-/nanoid-2.1.11.tgz",
      "integrity": "sha512-s/snB+WGm6uwi0WjsZdaVcuf3KJXlfGl2LcxgwkEwJF0D/BWzVWAZW/XY4bFaiR7s0Jk3FPvlnepg1H1b1UwlA=="
    },
    "node_modules/shortid": {
      "version": "2.2.16",
      "resolved": "https://registry.npmjs.org/shortid/-/shortid-2.2.16.tgz",
      "integrity": "sha512-Ugt+GIZqvGXCIItnsL+lvFJOiN7RYqlGy7QE41O3YC1xbNSeDGIRO7xg2JJXIAj1cAGnOeC1r7/T9pgrtQbv4g==",
      "deprecated": "Package no longer supported. Contact Support at https://www.npmjs.com/support for more info.",
      "dependencies": {
        "nanoid": "^2.1.0"
      }
    }
  },
  "dependencies": {
    "expresss": {
      "version": "0.0.0",
      "resolved": "https://registry.npmjs.org/expresss/-/expresss-0.0.0.tgz",
      "integrity": "sha512-dnfKMF9CM+MRGXD58Ul3T+neY+5C9i4CaT5sEEOvIWxdueyk7TiFIzauAOFnxmMZAdio5uak7M3FDcr+B9A8xg=="
    },
    "nanoid": {
      "version": "2.1.11",
      "resolved": "https://registry.npmjs.org/nanoid/-/nanoid-2.1.11.tgz",
      "integrity": "sha512-s/snB+WGm6uwi0WjsZdaVcuf3KJXlfGl2LcxgwkEwJF0D/BWzVWAZW/XY4bFaiR7s0Jk3FPvlnepg1H1b1UwlA=="
    },
    "shortid": {
      "version": "2.2.16",
      "resolved": "https://registry.npmjs.org/shortid/-/shortid-2.2.16.tgz",
      "integrity": "sha512-Ugt+GIZqvGXCIItnsL+lvFJOiN7RYqlGy7QE41O3YC1xbNSeDGIRO7xg2JJXIAj1cAGnOeC1r7/T9pgrtQbv4g==",
      "requires": {
        "nanoid": "^2.1.0"
      }
    }
  }
}
